// !$*UTF8*$!
{
	archiveVersion = 1;
	classes = {
	};
	objectVersion = 46;
	objects = {

/* Begin PBXBuildFile section */
		9709DDC71EB82BCF0063D489 /* AppDelegate.swift in Sources */ = {isa = PBXBuildFile; fileRef = 9709DDC61EB82BCF0063D489 /* AppDelegate.swift */; };
		9709DDC91EB82BCF0063D489 /* QuestionViewController.swift in Sources */ = {isa = PBXBuildFile; fileRef = 9709DDC81EB82BCF0063D489 /* QuestionViewController.swift */; };
		9709DDCC1EB82BCF0063D489 /* Main.storyboard in Resources */ = {isa = PBXBuildFile; fileRef = 9709DDCA1EB82BCF0063D489 /* Main.storyboard */; };
		9709DDCE1EB82BCF0063D489 /* Assets.xcassets in Resources */ = {isa = PBXBuildFile; fileRef = 9709DDCD1EB82BCF0063D489 /* Assets.xcassets */; };
		9709DDD11EB82BCF0063D489 /* LaunchScreen.storyboard in Resources */ = {isa = PBXBuildFile; fileRef = 9709DDCF1EB82BCF0063D489 /* LaunchScreen.storyboard */; };
		9709DDDC1EB82BCF0063D489 /* iQuizTests.swift in Sources */ = {isa = PBXBuildFile; fileRef = 9709DDDB1EB82BCF0063D489 /* iQuizTests.swift */; };
		9709DDE71EB82BCF0063D489 /* iQuizUITests.swift in Sources */ = {isa = PBXBuildFile; fileRef = 9709DDE61EB82BCF0063D489 /* iQuizUITests.swift */; };
		9709DDF51EB82D5D0063D489 /* QuizTableViewCell.swift in Sources */ = {isa = PBXBuildFile; fileRef = 9709DDF41EB82D5D0063D489 /* QuizTableViewCell.swift */; };
		9709DDF71EB8311B0063D489 /* QuizTableViewController.swift in Sources */ = {isa = PBXBuildFile; fileRef = 9709DDF61EB8311B0063D489 /* QuizTableViewController.swift */; };
		974B0CA21ECAA8E400490C36 /* Alamofire.framework in Frameworks */ = {isa = PBXBuildFile; fileRef = 974B0C951ECAA8B600490C36 /* Alamofire.framework */; };
		974B0CA31ECAA8E400490C36 /* Alamofire.framework in Embed Frameworks */ = {isa = PBXBuildFile; fileRef = 974B0C951ECAA8B600490C36 /* Alamofire.framework */; settings = {ATTRIBUTES = (CodeSignOnCopy, RemoveHeadersOnCopy, ); }; };
		974B0CA71ECAAA0E00490C36 /* SubjectObject.swift in Sources */ = {isa = PBXBuildFile; fileRef = 974B0CA61ECAAA0E00490C36 /* SubjectObject.swift */; };
		974B0CA91ECAAEA500490C36 /* QuestionObject.swift in Sources */ = {isa = PBXBuildFile; fileRef = 974B0CA81ECAAEA500490C36 /* QuestionObject.swift */; };
		974B0CAC1ECB776800490C36 /* libsqlite3.tbd in Frameworks */ = {isa = PBXBuildFile; fileRef = 974B0CAB1ECB776800490C36 /* libsqlite3.tbd */; };
		974B0CAE1ECB7DC500490C36 /* AppData.swift in Sources */ = {isa = PBXBuildFile; fileRef = 974B0CAD1ECB7DC500490C36 /* AppData.swift */; };
		9781A2B91EC11F4300028B2F /* AnswerViewController.swift in Sources */ = {isa = PBXBuildFile; fileRef = 9781A2B81EC11F4300028B2F /* AnswerViewController.swift */; };
		9781A2BB1EC128E300028B2F /* TransitionManager.swift in Sources */ = {isa = PBXBuildFile; fileRef = 9781A2BA1EC128E300028B2F /* TransitionManager.swift */; };
		9781A2BD1EC1414500028B2F /* SegueFromLeft.swift in Sources */ = {isa = PBXBuildFile; fileRef = 9781A2BC1EC1414500028B2F /* SegueFromLeft.swift */; };
		9781A2BF1EC141D900028B2F /* SegueFromRight.swift in Sources */ = {isa = PBXBuildFile; fileRef = 9781A2BE1EC141D900028B2F /* SegueFromRight.swift */; };
		9781A2C11EC1792500028B2F /* ResultViewController.swift in Sources */ = {isa = PBXBuildFile; fileRef = 9781A2C01EC1792500028B2F /* ResultViewController.swift */; };
/* End PBXBuildFile section */

/* Begin PBXContainerItemProxy section */
		9709DDD81EB82BCF0063D489 /* PBXContainerItemProxy */ = {
			isa = PBXContainerItemProxy;
			containerPortal = 9709DDBB1EB82BCF0063D489 /* Project object */;
			proxyType = 1;
			remoteGlobalIDString = 9709DDC21EB82BCF0063D489;
			remoteInfo = iQuiz;
		};
		9709DDE31EB82BCF0063D489 /* PBXContainerItemProxy */ = {
			isa = PBXContainerItemProxy;
			containerPortal = 9709DDBB1EB82BCF0063D489 /* Project object */;
			proxyType = 1;
			remoteGlobalIDString = 9709DDC21EB82BCF0063D489;
			remoteInfo = iQuiz;
		};
		974B0C941ECAA8B600490C36 /* PBXContainerItemProxy */ = {
			isa = PBXContainerItemProxy;
			containerPortal = 974B0C891ECAA8B600490C36 /* Alamofire.xcodeproj */;
			proxyType = 2;
			remoteGlobalIDString = F8111E3319A95C8B0040E7D1;
			remoteInfo = "Alamofire iOS";
		};
		974B0C961ECAA8B600490C36 /* PBXContainerItemProxy */ = {
			isa = PBXContainerItemProxy;
			containerPortal = 974B0C891ECAA8B600490C36 /* Alamofire.xcodeproj */;
			proxyType = 2;
			remoteGlobalIDString = F8111E3E19A95C8B0040E7D1;
			remoteInfo = "Alamofire iOS Tests";
		};
		974B0C981ECAA8B600490C36 /* PBXContainerItemProxy */ = {
			isa = PBXContainerItemProxy;
			containerPortal = 974B0C891ECAA8B600490C36 /* Alamofire.xcodeproj */;
			proxyType = 2;
			remoteGlobalIDString = 4DD67C0B1A5C55C900ED2280;
			remoteInfo = "Alamofire macOS";
		};
		974B0C9A1ECAA8B600490C36 /* PBXContainerItemProxy */ = {
			isa = PBXContainerItemProxy;
			containerPortal = 974B0C891ECAA8B600490C36 /* Alamofire.xcodeproj */;
			proxyType = 2;
			remoteGlobalIDString = F829C6B21A7A94F100A2CD59;
			remoteInfo = "Alamofire macOS Tests";
		};
		974B0C9C1ECAA8B600490C36 /* PBXContainerItemProxy */ = {
			isa = PBXContainerItemProxy;
			containerPortal = 974B0C891ECAA8B600490C36 /* Alamofire.xcodeproj */;
			proxyType = 2;
			remoteGlobalIDString = 4CF626EF1BA7CB3E0011A099;
			remoteInfo = "Alamofire tvOS";
		};
		974B0C9E1ECAA8B600490C36 /* PBXContainerItemProxy */ = {
			isa = PBXContainerItemProxy;
			containerPortal = 974B0C891ECAA8B600490C36 /* Alamofire.xcodeproj */;
			proxyType = 2;
			remoteGlobalIDString = 4CF626F81BA7CB3E0011A099;
			remoteInfo = "Alamofire tvOS Tests";
		};
		974B0CA01ECAA8B600490C36 /* PBXContainerItemProxy */ = {
			isa = PBXContainerItemProxy;
			containerPortal = 974B0C891ECAA8B600490C36 /* Alamofire.xcodeproj */;
			proxyType = 2;
			remoteGlobalIDString = E4202FE01B667AA100C997FB;
			remoteInfo = "Alamofire watchOS";
		};
		974B0CA41ECAA8E400490C36 /* PBXContainerItemProxy */ = {
			isa = PBXContainerItemProxy;
			containerPortal = 974B0C891ECAA8B600490C36 /* Alamofire.xcodeproj */;
			proxyType = 1;
			remoteGlobalIDString = F8111E3219A95C8B0040E7D1;
			remoteInfo = "Alamofire iOS";
		};
/* End PBXContainerItemProxy section */

/* Begin PBXCopyFilesBuildPhase section */
		97327E7D1ECAA689001EBF84 /* Embed Frameworks */ = {
			isa = PBXCopyFilesBuildPhase;
			buildActionMask = 2147483647;
			dstPath = "";
			dstSubfolderSpec = 10;
			files = (
				974B0CA31ECAA8E400490C36 /* Alamofire.framework in Embed Frameworks */,
			);
			name = "Embed Frameworks";
			runOnlyForDeploymentPostprocessing = 0;
		};
/* End PBXCopyFilesBuildPhase section */

/* Begin PBXFileReference section */
		9709DDC31EB82BCF0063D489 /* iQuiz.app */ = {isa = PBXFileReference; explicitFileType = wrapper.application; includeInIndex = 0; path = iQuiz.app; sourceTree = BUILT_PRODUCTS_DIR; };
		9709DDC61EB82BCF0063D489 /* AppDelegate.swift */ = {isa = PBXFileReference; lastKnownFileType = sourcecode.swift; path = AppDelegate.swift; sourceTree = "<group>"; };
		9709DDC81EB82BCF0063D489 /* QuestionViewController.swift */ = {isa = PBXFileReference; lastKnownFileType = sourcecode.swift; path = QuestionViewController.swift; sourceTree = "<group>"; };
		9709DDCB1EB82BCF0063D489 /* Base */ = {isa = PBXFileReference; lastKnownFileType = file.storyboard; name = Base; path = Base.lproj/Main.storyboard; sourceTree = "<group>"; };
		9709DDCD1EB82BCF0063D489 /* Assets.xcassets */ = {isa = PBXFileReference; lastKnownFileType = folder.assetcatalog; path = Assets.xcassets; sourceTree = "<group>"; };
		9709DDD01EB82BCF0063D489 /* Base */ = {isa = PBXFileReference; lastKnownFileType = file.storyboard; name = Base; path = Base.lproj/LaunchScreen.storyboard; sourceTree = "<group>"; };
		9709DDD21EB82BCF0063D489 /* Info.plist */ = {isa = PBXFileReference; lastKnownFileType = text.plist.xml; path = Info.plist; sourceTree = "<group>"; };
		9709DDD71EB82BCF0063D489 /* iQuizTests.xctest */ = {isa = PBXFileReference; explicitFileType = wrapper.cfbundle; includeInIndex = 0; path = iQuizTests.xctest; sourceTree = BUILT_PRODUCTS_DIR; };
		9709DDDB1EB82BCF0063D489 /* iQuizTests.swift */ = {isa = PBXFileReference; lastKnownFileType = sourcecode.swift; path = iQuizTests.swift; sourceTree = "<group>"; };
		9709DDDD1EB82BCF0063D489 /* Info.plist */ = {isa = PBXFileReference; lastKnownFileType = text.plist.xml; path = Info.plist; sourceTree = "<group>"; };
		9709DDE21EB82BCF0063D489 /* iQuizUITests.xctest */ = {isa = PBXFileReference; explicitFileType = wrapper.cfbundle; includeInIndex = 0; path = iQuizUITests.xctest; sourceTree = BUILT_PRODUCTS_DIR; };
		9709DDE61EB82BCF0063D489 /* iQuizUITests.swift */ = {isa = PBXFileReference; lastKnownFileType = sourcecode.swift; path = iQuizUITests.swift; sourceTree = "<group>"; };
		9709DDE81EB82BCF0063D489 /* Info.plist */ = {isa = PBXFileReference; lastKnownFileType = text.plist.xml; path = Info.plist; sourceTree = "<group>"; };
		9709DDF41EB82D5D0063D489 /* QuizTableViewCell.swift */ = {isa = PBXFileReference; fileEncoding = 4; lastKnownFileType = sourcecode.swift; path = QuizTableViewCell.swift; sourceTree = "<group>"; };
		9709DDF61EB8311B0063D489 /* QuizTableViewController.swift */ = {isa = PBXFileReference; fileEncoding = 4; lastKnownFileType = sourcecode.swift; path = QuizTableViewController.swift; sourceTree = "<group>"; };
		974B0C891ECAA8B600490C36 /* Alamofire.xcodeproj */ = {isa = PBXFileReference; lastKnownFileType = "wrapper.pb-project"; name = Alamofire.xcodeproj; path = Alamofire/Alamofire.xcodeproj; sourceTree = "<group>"; };
		974B0CA61ECAAA0E00490C36 /* SubjectObject.swift */ = {isa = PBXFileReference; fileEncoding = 4; lastKnownFileType = sourcecode.swift; path = SubjectObject.swift; sourceTree = "<group>"; };
		974B0CA81ECAAEA500490C36 /* QuestionObject.swift */ = {isa = PBXFileReference; fileEncoding = 4; lastKnownFileType = sourcecode.swift; path = QuestionObject.swift; sourceTree = "<group>"; };
		974B0CAB1ECB776800490C36 /* libsqlite3.tbd */ = {isa = PBXFileReference; lastKnownFileType = "sourcecode.text-based-dylib-definition"; name = libsqlite3.tbd; path = usr/lib/libsqlite3.tbd; sourceTree = SDKROOT; };
		974B0CAD1ECB7DC500490C36 /* AppData.swift */ = {isa = PBXFileReference; fileEncoding = 4; lastKnownFileType = sourcecode.swift; path = AppData.swift; sourceTree = "<group>"; };
		9781A2B81EC11F4300028B2F /* AnswerViewController.swift */ = {isa = PBXFileReference; fileEncoding = 4; lastKnownFileType = sourcecode.swift; path = AnswerViewController.swift; sourceTree = "<group>"; };
		9781A2BA1EC128E300028B2F /* TransitionManager.swift */ = {isa = PBXFileReference; fileEncoding = 4; lastKnownFileType = sourcecode.swift; path = TransitionManager.swift; sourceTree = "<group>"; };
		9781A2BC1EC1414500028B2F /* SegueFromLeft.swift */ = {isa = PBXFileReference; fileEncoding = 4; lastKnownFileType = sourcecode.swift; path = SegueFromLeft.swift; sourceTree = "<group>"; };
		9781A2BE1EC141D900028B2F /* SegueFromRight.swift */ = {isa = PBXFileReference; fileEncoding = 4; lastKnownFileType = sourcecode.swift; path = SegueFromRight.swift; sourceTree = "<group>"; };
		9781A2C01EC1792500028B2F /* ResultViewController.swift */ = {isa = PBXFileReference; fileEncoding = 4; lastKnownFileType = sourcecode.swift; path = ResultViewController.swift; sourceTree = "<group>"; };
/* End PBXFileReference section */

/* Begin PBXFrameworksBuildPhase section */
		9709DDC01EB82BCF0063D489 /* Frameworks */ = {
			isa = PBXFrameworksBuildPhase;
			buildActionMask = 2147483647;
			files = (
				974B0CAC1ECB776800490C36 /* libsqlite3.tbd in Frameworks */,
				974B0CA21ECAA8E400490C36 /* Alamofire.framework in Frameworks */,
			);
			runOnlyForDeploymentPostprocessing = 0;
		};
		9709DDD41EB82BCF0063D489 /* Frameworks */ = {
			isa = PBXFrameworksBuildPhase;
			buildActionMask = 2147483647;
			files = (
			);
			runOnlyForDeploymentPostprocessing = 0;
		};
		9709DDDF1EB82BCF0063D489 /* Frameworks */ = {
			isa = PBXFrameworksBuildPhase;
			buildActionMask = 2147483647;
			files = (
			);
			runOnlyForDeploymentPostprocessing = 0;
		};
/* End PBXFrameworksBuildPhase section */

/* Begin PBXGroup section */
		9709DDBA1EB82BCF0063D489 = {
			isa = PBXGroup;
			children = (
				9709DDC51EB82BCF0063D489 /* iQuiz */,
				9709DDDA1EB82BCF0063D489 /* iQuizTests */,
				9709DDE51EB82BCF0063D489 /* iQuizUITests */,
				9709DDC41EB82BCF0063D489 /* Products */,
				974B0C891ECAA8B600490C36 /* Alamofire.xcodeproj */,
				974B0CAA1ECB776800490C36 /* Frameworks */,
			);
			sourceTree = "<group>";
		};
		9709DDC41EB82BCF0063D489 /* Products */ = {
			isa = PBXGroup;
			children = (
				9709DDC31EB82BCF0063D489 /* iQuiz.app */,
				9709DDD71EB82BCF0063D489 /* iQuizTests.xctest */,
				9709DDE21EB82BCF0063D489 /* iQuizUITests.xctest */,
			);
			name = Products;
			sourceTree = "<group>";
		};
		9709DDC51EB82BCF0063D489 /* iQuiz */ = {
			isa = PBXGroup;
			children = (
				9709DDC61EB82BCF0063D489 /* AppDelegate.swift */,
				9709DDC81EB82BCF0063D489 /* QuestionViewController.swift */,
				9709DDCA1EB82BCF0063D489 /* Main.storyboard */,
				9709DDCD1EB82BCF0063D489 /* Assets.xcassets */,
				9709DDCF1EB82BCF0063D489 /* LaunchScreen.storyboard */,
				9709DDD21EB82BCF0063D489 /* Info.plist */,
				9709DDF41EB82D5D0063D489 /* QuizTableViewCell.swift */,
				9709DDF61EB8311B0063D489 /* QuizTableViewController.swift */,
				9781A2B81EC11F4300028B2F /* AnswerViewController.swift */,
				9781A2BA1EC128E300028B2F /* TransitionManager.swift */,
				9781A2BC1EC1414500028B2F /* SegueFromLeft.swift */,
				9781A2BE1EC141D900028B2F /* SegueFromRight.swift */,
				9781A2C01EC1792500028B2F /* ResultViewController.swift */,
				974B0CA61ECAAA0E00490C36 /* SubjectObject.swift */,
				974B0CA81ECAAEA500490C36 /* QuestionObject.swift */,
				974B0CAD1ECB7DC500490C36 /* AppData.swift */,
			);
			path = iQuiz;
			sourceTree = "<group>";
		};
		9709DDDA1EB82BCF0063D489 /* iQuizTests */ = {
			isa = PBXGroup;
			children = (
				9709DDDB1EB82BCF0063D489 /* iQuizTests.swift */,
				9709DDDD1EB82BCF0063D489 /* Info.plist */,
			);
			path = iQuizTests;
			sourceTree = "<group>";
		};
		9709DDE51EB82BCF0063D489 /* iQuizUITests */ = {
			isa = PBXGroup;
			children = (
				9709DDE61EB82BCF0063D489 /* iQuizUITests.swift */,
				9709DDE81EB82BCF0063D489 /* Info.plist */,
			);
			path = iQuizUITests;
			sourceTree = "<group>";
		};
		974B0C8A1ECAA8B600490C36 /* Products */ = {
			isa = PBXGroup;
			children = (
				974B0C951ECAA8B600490C36 /* Alamofire.framework */,
				974B0C971ECAA8B600490C36 /* Alamofire iOS Tests.xctest */,
				974B0C991ECAA8B600490C36 /* Alamofire.framework */,
				974B0C9B1ECAA8B600490C36 /* Alamofire macOS Tests.xctest */,
				974B0C9D1ECAA8B600490C36 /* Alamofire.framework */,
				974B0C9F1ECAA8B600490C36 /* Alamofire tvOS Tests.xctest */,
				974B0CA11ECAA8B600490C36 /* Alamofire.framework */,
			);
			name = Products;
			sourceTree = "<group>";
		};
		974B0CAA1ECB776800490C36 /* Frameworks */ = {
			isa = PBXGroup;
			children = (
				974B0CAB1ECB776800490C36 /* libsqlite3.tbd */,
			);
			name = Frameworks;
			sourceTree = "<group>";
		};
/* End PBXGroup section */

/* Begin PBXNativeTarget section */
		9709DDC21EB82BCF0063D489 /* iQuiz */ = {
			isa = PBXNativeTarget;
			buildConfigurationList = 9709DDEB1EB82BCF0063D489 /* Build configuration list for PBXNativeTarget "iQuiz" */;
			buildPhases = (
				9709DDBF1EB82BCF0063D489 /* Sources */,
				9709DDC01EB82BCF0063D489 /* Frameworks */,
				9709DDC11EB82BCF0063D489 /* Resources */,
				97327E7D1ECAA689001EBF84 /* Embed Frameworks */,
			);
			buildRules = (
			);
			dependencies = (
				974B0CA51ECAA8E400490C36 /* PBXTargetDependency */,
			);
			name = iQuiz;
			productName = iQuiz;
			productReference = 9709DDC31EB82BCF0063D489 /* iQuiz.app */;
			productType = "com.apple.product-type.application";
		};
		9709DDD61EB82BCF0063D489 /* iQuizTests */ = {
			isa = PBXNativeTarget;
			buildConfigurationList = 9709DDEE1EB82BCF0063D489 /* Build configuration list for PBXNativeTarget "iQuizTests" */;
			buildPhases = (
				9709DDD31EB82BCF0063D489 /* Sources */,
				9709DDD41EB82BCF0063D489 /* Frameworks */,
				9709DDD51EB82BCF0063D489 /* Resources */,
			);
			buildRules = (
			);
			dependencies = (
				9709DDD91EB82BCF0063D489 /* PBXTargetDependency */,
			);
			name = iQuizTests;
			productName = iQuizTests;
			productReference = 9709DDD71EB82BCF0063D489 /* iQuizTests.xctest */;
			productType = "com.apple.product-type.bundle.unit-test";
		};
		9709DDE11EB82BCF0063D489 /* iQuizUITests */ = {
			isa = PBXNativeTarget;
			buildConfigurationList = 9709DDF11EB82BCF0063D489 /* Build configuration list for PBXNativeTarget "iQuizUITests" */;
			buildPhases = (
				9709DDDE1EB82BCF0063D489 /* Sources */,
				9709DDDF1EB82BCF0063D489 /* Frameworks */,
				9709DDE01EB82BCF0063D489 /* Resources */,
			);
			buildRules = (
			);
			dependencies = (
				9709DDE41EB82BCF0063D489 /* PBXTargetDependency */,
			);
			name = iQuizUITests;
			productName = iQuizUITests;
			productReference = 9709DDE21EB82BCF0063D489 /* iQuizUITests.xctest */;
			productType = "com.apple.product-type.bundle.ui-testing";
		};
/* End PBXNativeTarget section */

/* Begin PBXProject section */
		9709DDBB1EB82BCF0063D489 /* Project object */ = {
			isa = PBXProject;
			attributes = {
				LastSwiftUpdateCheck = 0820;
				LastUpgradeCheck = 0820;
				ORGANIZATIONNAME = "Chris Li";
				TargetAttributes = {
					9709DDC21EB82BCF0063D489 = {
						CreatedOnToolsVersion = 8.2.1;
						ProvisioningStyle = Automatic;
					};
					9709DDD61EB82BCF0063D489 = {
						CreatedOnToolsVersion = 8.2.1;
						ProvisioningStyle = Automatic;
						TestTargetID = 9709DDC21EB82BCF0063D489;
					};
					9709DDE11EB82BCF0063D489 = {
						CreatedOnToolsVersion = 8.2.1;
						ProvisioningStyle = Automatic;
						TestTargetID = 9709DDC21EB82BCF0063D489;
					};
				};
			};
			buildConfigurationList = 9709DDBE1EB82BCF0063D489 /* Build configuration list for PBXProject "iQuiz" */;
			compatibilityVersion = "Xcode 3.2";
			developmentRegion = English;
			hasScannedForEncodings = 0;
			knownRegions = (
				en,
				Base,
			);
			mainGroup = 9709DDBA1EB82BCF0063D489;
			productRefGroup = 9709DDC41EB82BCF0063D489 /* Products */;
			projectDirPath = "";
			projectReferences = (
				{
					ProductGroup = 974B0C8A1ECAA8B600490C36 /* Products */;
					ProjectRef = 974B0C891ECAA8B600490C36 /* Alamofire.xcodeproj */;
				},
			);
			projectRoot = "";
			targets = (
				9709DDC21EB82BCF0063D489 /* iQuiz */,
				9709DDD61EB82BCF0063D489 /* iQuizTests */,
				9709DDE11EB82BCF0063D489 /* iQuizUITests */,
			);
		};
/* End PBXProject section */

/* Begin PBXReferenceProxy section */
		974B0C951ECAA8B600490C36 /* Alamofire.framework */ = {
			isa = PBXReferenceProxy;
			fileType = wrapper.framework;
			path = Alamofire.framework;
			remoteRef = 974B0C941ECAA8B600490C36 /* PBXContainerItemProxy */;
			sourceTree = BUILT_PRODUCTS_DIR;
		};
		974B0C971ECAA8B600490C36 /* Alamofire iOS Tests.xctest */ = {
			isa = PBXReferenceProxy;
			fileType = wrapper.cfbundle;
			path = "Alamofire iOS Tests.xctest";
			remoteRef = 974B0C961ECAA8B600490C36 /* PBXContainerItemProxy */;
			sourceTree = BUILT_PRODUCTS_DIR;
		};
		974B0C991ECAA8B600490C36 /* Alamofire.framework */ = {
			isa = PBXReferenceProxy;
			fileType = wrapper.framework;
			path = Alamofire.framework;
			remoteRef = 974B0C981ECAA8B600490C36 /* PBXContainerItemProxy */;
			sourceTree = BUILT_PRODUCTS_DIR;
		};
		974B0C9B1ECAA8B600490C36 /* Alamofire macOS Tests.xctest */ = {
			isa = PBXReferenceProxy;
			fileType = wrapper.cfbundle;
			path = "Alamofire macOS Tests.xctest";
			remoteRef = 974B0C9A1ECAA8B600490C36 /* PBXContainerItemProxy */;
			sourceTree = BUILT_PRODUCTS_DIR;
		};
		974B0C9D1ECAA8B600490C36 /* Alamofire.framework */ = {
			isa = PBXReferenceProxy;
			fileType = wrapper.framework;
			path = Alamofire.framework;
			remoteRef = 974B0C9C1ECAA8B600490C36 /* PBXContainerItemProxy */;
			sourceTree = BUILT_PRODUCTS_DIR;
		};
		974B0C9F1ECAA8B600490C36 /* Alamofire tvOS Tests.xctest */ = {
			isa = PBXReferenceProxy;
			fileType = wrapper.cfbundle;
			path = "Alamofire tvOS Tests.xctest";
			remoteRef = 974B0C9E1ECAA8B600490C36 /* PBXContainerItemProxy */;
			sourceTree = BUILT_PRODUCTS_DIR;
		};
		974B0CA11ECAA8B600490C36 /* Alamofire.framework */ = {
			isa = PBXReferenceProxy;
			fileType = wrapper.framework;
			path = Alamofire.framework;
			remoteRef = 974B0CA01ECAA8B600490C36 /* PBXContainerItemProxy */;
			sourceTree = BUILT_PRODUCTS_DIR;
		};
/* End PBXReferenceProxy section */

/* Begin PBXResourcesBuildPhase section */
		9709DDC11EB82BCF0063D489 /* Resources */ = {
			isa = PBXResourcesBuildPhase;
			buildActionMask = 2147483647;
			files = (
				9709DDD11EB82BCF0063D489 /* LaunchScreen.storyboard in Resources */,
				9709DDCE1EB82BCF0063D489 /* Assets.xcassets in Resources */,
				9709DDCC1EB82BCF0063D489 /* Main.storyboard in Resources */,
			);
			runOnlyForDeploymentPostprocessing = 0;
		};
		9709DDD51EB82BCF0063D489 /* Resources */ = {
			isa = PBXResourcesBuildPhase;
			buildActionMask = 2147483647;
			files = (
			);
			runOnlyForDeploymentPostprocessing = 0;
		};
		9709DDE01EB82BCF0063D489 /* Resources */ = {
			isa = PBXResourcesBuildPhase;
			buildActionMask = 2147483647;
			files = (
			);
			runOnlyForDeploymentPostprocessing = 0;
		};
/* End PBXResourcesBuildPhase section */

/* Begin PBXSourcesBuildPhase section */
		9709DDBF1EB82BCF0063D489 /* Sources */ = {
			isa = PBXSourcesBuildPhase;
			buildActionMask = 2147483647;
			files = (
				9781A2BB1EC128E300028B2F /* TransitionManager.swift in Sources */,
				974B0CA71ECAAA0E00490C36 /* SubjectObject.swift in Sources */,
				9709DDF71EB8311B0063D489 /* QuizTableViewController.swift in Sources */,
				9781A2BF1EC141D900028B2F /* SegueFromRight.swift in Sources */,
				9781A2BD1EC1414500028B2F /* SegueFromLeft.swift in Sources */,
				9709DDC91EB82BCF0063D489 /* QuestionViewController.swift in Sources */,
				974B0CA91ECAAEA500490C36 /* QuestionObject.swift in Sources */,
				9781A2B91EC11F4300028B2F /* AnswerViewController.swift in Sources */,
				9709DDC71EB82BCF0063D489 /* AppDelegate.swift in Sources */,
				9709DDF51EB82D5D0063D489 /* QuizTableViewCell.swift in Sources */,
				9781A2C11EC1792500028B2F /* ResultViewController.swift in Sources */,
				974B0CAE1ECB7DC500490C36 /* AppData.swift in Sources */,
			);
			runOnlyForDeploymentPostprocessing = 0;
		};
		9709DDD31EB82BCF0063D489 /* Sources */ = {
			isa = PBXSourcesBuildPhase;
			buildActionMask = 2147483647;
			files = (
				9709DDDC1EB82BCF0063D489 /* iQuizTests.swift in Sources */,
			);
			runOnlyForDeploymentPostprocessing = 0;
		};
		9709DDDE1EB82BCF0063D489 /* Sources */ = {
			isa = PBXSourcesBuildPhase;
			buildActionMask = 2147483647;
			files = (
				9709DDE71EB82BCF0063D489 /* iQuizUITests.swift in Sources */,
			);
			runOnlyForDeploymentPostprocessing = 0;
		};
/* End PBXSourcesBuildPhase section */

/* Begin PBXTargetDependency section */
		9709DDD91EB82BCF0063D489 /* PBXTargetDependency */ = {
			isa = PBXTargetDependency;
			target = 9709DDC21EB82BCF0063D489 /* iQuiz */;
			targetProxy = 9709DDD81EB82BCF0063D489 /* PBXContainerItemProxy */;
		};
		9709DDE41EB82BCF0063D489 /* PBXTargetDependency */ = {
			isa = PBXTargetDependency;
			target = 9709DDC21EB82BCF0063D489 /* iQuiz */;
			targetProxy = 9709DDE31EB82BCF0063D489 /* PBXContainerItemProxy */;
		};
		974B0CA51ECAA8E400490C36 /* PBXTargetDependency */ = {
			isa = PBXTargetDependency;
			name = "Alamofire iOS";
			targetProxy = 974B0CA41ECAA8E400490C36 /* PBXContainerItemProxy */;
		};
/* End PBXTargetDependency section */

/* Begin PBXVariantGroup section */
		9709DDCA1EB82BCF0063D489 /* Main.storyboard */ = {
			isa = PBXVariantGroup;
			children = (
				9709DDCB1EB82BCF0063D489 /* Base */,
			);
			name = Main.storyboard;
			sourceTree = "<group>";
		};
		9709DDCF1EB82BCF0063D489 /* LaunchScreen.storyboard */ = {
			isa = PBXVariantGroup;
			children = (
				9709DDD01EB82BCF0063D489 /* Base */,
			);
			name = LaunchScreen.storyboard;
			sourceTree = "<group>";
		};
/* End PBXVariantGroup section */

/* Begin XCBuildConfiguration section */
		9709DDE91EB82BCF0063D489 /* Debug */ = {
			isa = XCBuildConfiguration;
			buildSettings = {
				ALWAYS_SEARCH_USER_PATHS = NO;
				CLANG_ANALYZER_NONNULL = YES;
				CLANG_CXX_LANGUAGE_STANDARD = "gnu++0x";
				CLANG_CXX_LIBRARY = "libc++";
				CLANG_ENABLE_MODULES = YES;
				CLANG_ENABLE_OBJC_ARC = YES;
				CLANG_WARN_BOOL_CONVERSION = YES;
				CLANG_WARN_CONSTANT_CONVERSION = YES;
				CLANG_WARN_DIRECT_OBJC_ISA_USAGE = YES_ERROR;
				CLANG_WARN_DOCUMENTATION_COMMENTS = YES;
				CLANG_WARN_EMPTY_BODY = YES;
				CLANG_WARN_ENUM_CONVERSION = YES;
				CLANG_WARN_INFINITE_RECURSION = YES;
				CLANG_WARN_INT_CONVERSION = YES;
				CLANG_WARN_OBJC_ROOT_CLASS = YES_ERROR;
				CLANG_WARN_SUSPICIOUS_MOVE = YES;
				CLANG_WARN_UNREACHABLE_CODE = YES;
				CLANG_WARN__DUPLICATE_METHOD_MATCH = YES;
				"CODE_SIGN_IDENTITY[sdk=iphoneos*]" = "iPhone Developer";
				COPY_PHASE_STRIP = NO;
				DEBUG_INFORMATION_FORMAT = dwarf;
				ENABLE_STRICT_OBJC_MSGSEND = YES;
				ENABLE_TESTABILITY = YES;
				GCC_C_LANGUAGE_STANDARD = gnu99;
				GCC_DYNAMIC_NO_PIC = NO;
				GCC_NO_COMMON_BLOCKS = YES;
				GCC_OPTIMIZATION_LEVEL = 0;
				GCC_PREPROCESSOR_DEFINITIONS = (
					"DEBUG=1",
					"$(inherited)",
				);
				GCC_WARN_64_TO_32_BIT_CONVERSION = YES;
				GCC_WARN_ABOUT_RETURN_TYPE = YES_ERROR;
				GCC_WARN_UNDECLARED_SELECTOR = YES;
				GCC_WARN_UNINITIALIZED_AUTOS = YES_AGGRESSIVE;
				GCC_WARN_UNUSED_FUNCTION = YES;
				GCC_WARN_UNUSED_VARIABLE = YES;
				IPHONEOS_DEPLOYMENT_TARGET = 10.2;
				MTL_ENABLE_DEBUG_INFO = YES;
				ONLY_ACTIVE_ARCH = YES;
				SDKROOT = iphoneos;
				SWIFT_ACTIVE_COMPILATION_CONDITIONS = DEBUG;
				SWIFT_OPTIMIZATION_LEVEL = "-Onone";
				TARGETED_DEVICE_FAMILY = "1,2";
			};
			name = Debug;
		};
		9709DDEA1EB82BCF0063D489 /* Release */ = {
			isa = XCBuildConfiguration;
			buildSettings = {
				ALWAYS_SEARCH_USER_PATHS = NO;
				CLANG_ANALYZER_NONNULL = YES;
				CLANG_CXX_LANGUAGE_STANDARD = "gnu++0x";
				CLANG_CXX_LIBRARY = "libc++";
				CLANG_ENABLE_MODULES = YES;
				CLANG_ENABLE_OBJC_ARC = YES;
				CLANG_WARN_BOOL_CONVERSION = YES;
				CLANG_WARN_CONSTANT_CONVERSION = YES;
				CLANG_WARN_DIRECT_OBJC_ISA_USAGE = YES_ERROR;
				CLANG_WARN_DOCUMENTATION_COMMENTS = YES;
				CLANG_WARN_EMPTY_BODY = YES;
				CLANG_WARN_ENUM_CONVERSION = YES;
				CLANG_WARN_INFINITE_RECURSION = YES;
				CLANG_WARN_INT_CONVERSION = YES;
				CLANG_WARN_OBJC_ROOT_CLASS = YES_ERROR;
				CLANG_WARN_SUSPICIOUS_MOVE = YES;
				CLANG_WARN_UNREACHABLE_CODE = YES;
				CLANG_WARN__DUPLICATE_METHOD_MATCH = YES;
				"CODE_SIGN_IDENTITY[sdk=iphoneos*]" = "iPhone Developer";
				COPY_PHASE_STRIP = NO;
				DEBUG_INFORMATION_FORMAT = "dwarf-with-dsym";
				ENABLE_NS_ASSERTIONS = NO;
				ENABLE_STRICT_OBJC_MSGSEND = YES;
				GCC_C_LANGUAGE_STANDARD = gnu99;
				GCC_NO_COMMON_BLOCKS = YES;
				GCC_WARN_64_TO_32_BIT_CONVERSION = YES;
				GCC_WARN_ABOUT_RETURN_TYPE = YES_ERROR;
				GCC_WARN_UNDECLARED_SELECTOR = YES;
				GCC_WARN_UNINITIALIZED_AUTOS = YES_AGGRESSIVE;
				GCC_WARN_UNUSED_FUNCTION = YES;
				GCC_WARN_UNUSED_VARIABLE = YES;
				IPHONEOS_DEPLOYMENT_TARGET = 10.2;
				MTL_ENABLE_DEBUG_INFO = NO;
				SDKROOT = iphoneos;
				SWIFT_OPTIMIZATION_LEVEL = "-Owholemodule";
				TARGETED_DEVICE_FAMILY = "1,2";
				VALIDATE_PRODUCT = YES;
			};
			name = Release;
		};
		9709DDEC1EB82BCF0063D489 /* Debug */ = {
			isa = XCBuildConfiguration;
			buildSettings = {
				ALWAYS_EMBED_SWIFT_STANDARD_LIBRARIES = YES;
				ASSETCATALOG_COMPILER_APPICON_NAME = AppIcon;
				INFOPLIST_FILE = iQuiz/Info.plist;
				LD_RUNPATH_SEARCH_PATHS = "$(inherited) @executable_path/Frameworks";
				PRODUCT_BUNDLE_IDENTIFIER = com.ChrisLi.iQuiz;
				PRODUCT_NAME = "$(TARGET_NAME)";
				SWIFT_VERSION = 3.0;
			};
			name = Debug;
		};
		9709DDED1EB82BCF0063D489 /* Release */ = {
			isa = XCBuildConfiguration;
			buildSettings = {
				ALWAYS_EMBED_SWIFT_STANDARD_LIBRARIES = YES;
				ASSETCATALOG_COMPILER_APPICON_NAME = AppIcon;
				INFOPLIST_FILE = iQuiz/Info.plist;
				LD_RUNPATH_SEARCH_PATHS = "$(inherited) @executable_path/Frameworks";
				PRODUCT_BUNDLE_IDENTIFIER = com.ChrisLi.iQuiz;
				PRODUCT_NAME = "$(TARGET_NAME)";
				SWIFT_VERSION = 3.0;
			};
			name = Release;
		};
		9709DDEF1EB82BCF0063D489 /* Debug */ = {
			isa = XCBuildConfiguration;
			buildSettings = {
				ALWAYS_EMBED_SWIFT_STANDARD_LIBRARIES = YES;
				BUNDLE_LOADER = "$(TEST_HOST)";
				INFOPLIST_FILE = iQuizTests/Info.plist;
				LD_RUNPATH_SEARCH_PATHS = "$(inherited) @executable_path/Frameworks @loader_path/Frameworks";
				PRODUCT_BUNDLE_IDENTIFIER = com.ChrisLi.iQuizTests;
				PRODUCT_NAME = "$(TARGET_NAME)";
				SWIFT_VERSION = 3.0;
				TEST_HOST = "$(BUILT_PRODUCTS_DIR)/iQuiz.app/iQuiz";
			};
			name = Debug;
		};
		9709DDF01EB82BCF0063D489 /* Release */ = {
			isa = XCBuildConfiguration;
			buildSettings = {
				ALWAYS_EMBED_SWIFT_STANDARD_LIBRARIES = YES;
				BUNDLE_LOADER = "$(TEST_HOST)";
				INFOPLIST_FILE = iQuizTests/Info.plist;
				LD_RUNPATH_SEARCH_PATHS = "$(inherited) @executable_path/Frameworks @loader_path/Frameworks";
				PRODUCT_BUNDLE_IDENTIFIER = com.ChrisLi.iQuizTests;
				PRODUCT_NAME = "$(TARGET_NAME)";
				SWIFT_VERSION = 3.0;
				TEST_HOST = "$(BUILT_PRODUCTS_DIR)/iQuiz.app/iQuiz";
			};
			name = Release;
		};
		9709DDF21EB82BCF0063D489 /* Debug */ = {
			isa = XCBuildConfiguration;
			buildSettings = {
				ALWAYS_EMBED_SWIFT_STANDARD_LIBRARIES = YES;
				INFOPLIST_FILE = iQuizUITests/Info.plist;
				LD_RUNPATH_SEARCH_PATHS = "$(inherited) @executable_path/Frameworks @loader_path/Frameworks";
				PRODUCT_BUNDLE_IDENTIFIER = com.ChrisLi.iQuizUITests;
				PRODUCT_NAME = "$(TARGET_NAME)";
				SWIFT_VERSION = 3.0;
				TEST_TARGET_NAME = iQuiz;
			};
			name = Debug;
		};
		9709DDF31EB82BCF0063D489 /* Release */ = {
			isa = XCBuildConfiguration;
			buildSettings = {
				ALWAYS_EMBED_SWIFT_STANDARD_LIBRARIES = YES;
				INFOPLIST_FILE = iQuizUITests/Info.plist;
				LD_RUNPATH_SEARCH_PATHS = "$(inherited) @executable_path/Frameworks @loader_path/Frameworks";
				PRODUCT_BUNDLE_IDENTIFIER = com.ChrisLi.iQuizUITests;
				PRODUCT_NAME = "$(TARGET_NAME)";
				SWIFT_VERSION = 3.0;
				TEST_TARGET_NAME = iQuiz;
			};
			name = Release;
		};
/* End XCBuildConfiguration section */

/* Begin XCConfigurationList section */
		9709DDBE1EB82BCF0063D489 /* Build configuration list for PBXProject "iQuiz" */ = {
			isa = XCConfigurationList;
			buildConfigurations = (
				9709DDE91EB82BCF0063D489 /* Debug */,
				9709DDEA1EB82BCF0063D489 /* Release */,
			);
			defaultConfigurationIsVisible = 0;
			defaultConfigurationName = Release;
		};
		9709DDEB1EB82BCF0063D489 /* Build configuration list for PBXNativeTarget "iQuiz" */ = {
			isa = XCConfigurationList;
			buildConfigurations = (
				9709DDEC1EB82BCF0063D489 /* Debug */,
				9709DDED1EB82BCF0063D489 /* Release */,
			);
			defaultConfigurationIsVisible = 0;
			defaultConfigurationName = Release;
		};
		9709DDEE1EB82BCF0063D489 /* Build configuration list for PBXNativeTarget "iQuizTests" */ = {
			isa = XCConfigurationList;
			buildConfigurations = (
				9709DDEF1EB82BCF0063D489 /* Debug */,
				9709DDF01EB82BCF0063D489 /* Release */,
			);
			defaultConfigurationIsVisible = 0;
			defaultConfigurationName = Release;
		};
		9709DDF11EB82BCF0063D489 /* Build configuration list for PBXNativeTarget "iQuizUITests" */ = {
			isa = XCConfigurationList;
			buildConfigurations = (
				9709DDF21EB82BCF0063D489 /* Debug */,
				9709DDF31EB82BCF0063D489 /* Release */,
			);
			defaultConfigurationIsVisible = 0;
			defaultConfigurationName = Release;
		};
/* End XCConfigurationList section */
	};
	rootObject = 9709DDBB1EB82BCF0063D489 /* Project object */;
}
